
Microsoft Visual Studio Solution File, Format Version 12.00
Project("{FAE04EC0-301F-11D3-BF4B-00C04F79EFBC}") = "bullycows", "bullycows\bullycows.csproj", "{A5398F81-29AA-4604-BE87-227CC7A498CC}"
EndProject
Global
	GlobalSection(SolutionConfigurationPlatforms) = preSolution
		Debug|Any CPU = Debug|Any CPU
		Release|Any CPU = Release|Any CPU
	EndGlobalSection
	GlobalSection(ProjectConfigurationPlatforms) = postSolution
		{A5398F81-29AA-4604-BE87-227CC7A498CC}.Debug|Any CPU.ActiveCfg = Debug|Any CPU
		{A5398F81-29AA-4604-BE87-227CC7A498CC}.Debug|Any CPU.Build.0 = Debug|Any CPU
		{A5398F81-29AA-4604-BE87-227CC7A498CC}.Release|Any CPU.ActiveCfg = Release|Any CPU
		{A5398F81-29AA-4604-BE87-227CC7A498CC}.Release|Any CPU.Build.0 = Release|Any CPU
	EndGlobalSection
EndGlobal
